
Microsoft Visual Studio Solution File, Format Version 12.00
# Visual Studio Version 17
VisualStudioVersion = 17.3.32929.385
MinimumVisualStudioVersion = 10.0.40219.1
Project("{8BC9CEB8-8B4A-11D0-8D11-00A0C91BC942}") = "OgreCommand", "OgreCommand.vcxproj", "{4FD6C35D-ED7E-4D2E-AB08-C1ADE08ACB60}"
EndProject
Project("{9A19103F-16F7-4668-BE54-9A1E7A4F7556}") = "OgreCommandLib", "C#\OgreCommandLib\OgreCommandLib.csproj", "{78F5B597-6BF0-4773-98F2-3143EC46F836}"
EndProject
Project("{9A19103F-16F7-4668-BE54-9A1E7A4F7556}") = "OgreCommander", "C#\OgreCommander\OgreCommander.csproj", "{BCAE76DE-23BF-47DB-8EE1-14D95FA81BDD}"
EndProject
Project("{2150E333-8FDC-42A3-9474-1A3956D46DE8}") = "Solution Items", "Solution Items", "{8698BD58-F370-4B60-96D5-D5E6CB53E25A}"
	ProjectSection(SolutionItems) = preProject
		.editorconfig = .editorconfig
	EndProjectSection
EndProject
Global
	GlobalSection(SolutionConfigurationPlatforms) = preSolution
		Debug|Any CPU = Debug|Any CPU
		Debug|x64 = Debug|x64
		Debug|x86 = Debug|x86
		Release|Any CPU = Release|Any CPU
		Release|x64 = Release|x64
		Release|x86 = Release|x86
	EndGlobalSection
	GlobalSection(ProjectConfigurationPlatforms) = postSolution
		{4FD6C35D-ED7E-4D2E-AB08-C1ADE08ACB60}.Debug|Any CPU.ActiveCfg = Debug|x64
		{4FD6C35D-ED7E-4D2E-AB08-C1ADE08ACB60}.Debug|Any CPU.Build.0 = Debug|x64
		{4FD6C35D-ED7E-4D2E-AB08-C1ADE08ACB60}.Debug|x64.ActiveCfg = Debug|x64
		{4FD6C35D-ED7E-4D2E-AB08-C1ADE08ACB60}.Debug|x64.Build.0 = Debug|x64
		{4FD6C35D-ED7E-4D2E-AB08-C1ADE08ACB60}.Debug|x86.ActiveCfg = Debug|Win32
		{4FD6C35D-ED7E-4D2E-AB08-C1ADE08ACB60}.Debug|x86.Build.0 = Debug|Win32
		{4FD6C35D-ED7E-4D2E-AB08-C1ADE08ACB60}.Release|Any CPU.ActiveCfg = Release|x64
		{4FD6C35D-ED7E-4D2E-AB08-C1ADE08ACB60}.Release|Any CPU.Build.0 = Release|x64
		{4FD6C35D-ED7E-4D2E-AB08-C1ADE08ACB60}.Release|x64.ActiveCfg = Release|x64
		{4FD6C35D-ED7E-4D2E-AB08-C1ADE08ACB60}.Release|x64.Build.0 = Release|x64
		{4FD6C35D-ED7E-4D2E-AB08-C1ADE08ACB60}.Release|x86.ActiveCfg = Release|Win32
		{4FD6C35D-ED7E-4D2E-AB08-C1ADE08ACB60}.Release|x86.Build.0 = Release|Win32
		{78F5B597-6BF0-4773-98F2-3143EC46F836}.Debug|Any CPU.ActiveCfg = Debug|Any CPU
		{78F5B597-6BF0-4773-98F2-3143EC46F836}.Debug|Any CPU.Build.0 = Debug|Any CPU
		{78F5B597-6BF0-4773-98F2-3143EC46F836}.Debug|x64.ActiveCfg = Debug|Any CPU
		{78F5B597-6BF0-4773-98F2-3143EC46F836}.Debug|x64.Build.0 = Debug|Any CPU
		{78F5B597-6BF0-4773-98F2-3143EC46F836}.Debug|x86.ActiveCfg = Debug|Any CPU
		{78F5B597-6BF0-4773-98F2-3143EC46F836}.Debug|x86.Build.0 = Debug|Any CPU
		{78F5B597-6BF0-4773-98F2-3143EC46F836}.Release|Any CPU.ActiveCfg = Release|Any CPU
		{78F5B597-6BF0-4773-98F2-3143EC46F836}.Release|Any CPU.Build.0 = Release|Any CPU
		{78F5B597-6BF0-4773-98F2-3143EC46F836}.Release|x64.ActiveCfg = Release|x64
		{78F5B597-6BF0-4773-98F2-3143EC46F836}.Release|x64.Build.0 = Release|x64
		{78F5B597-6BF0-4773-98F2-3143EC46F836}.Release|x86.ActiveCfg = Release|Any CPU
		{78F5B597-6BF0-4773-98F2-3143EC46F836}.Release|x86.Build.0 = Release|Any CPU
		{BCAE76DE-23BF-47DB-8EE1-14D95FA81BDD}.Debug|Any CPU.ActiveCfg = Debug|Any CPU
		{BCAE76DE-23BF-47DB-8EE1-14D95FA81BDD}.Debug|Any CPU.Build.0 = Debug|Any CPU
		{BCAE76DE-23BF-47DB-8EE1-14D95FA81BDD}.Debug|x64.ActiveCfg = Debug|Any CPU
		{BCAE76DE-23BF-47DB-8EE1-14D95FA81BDD}.Debug|x64.Build.0 = Debug|Any CPU
		{BCAE76DE-23BF-47DB-8EE1-14D95FA81BDD}.Debug|x86.ActiveCfg = Debug|Any CPU
		{BCAE76DE-23BF-47DB-8EE1-14D95FA81BDD}.Debug|x86.Build.0 = Debug|Any CPU
		{BCAE76DE-23BF-47DB-8EE1-14D95FA81BDD}.Release|Any CPU.ActiveCfg = Release|Any CPU
		{BCAE76DE-23BF-47DB-8EE1-14D95FA81BDD}.Release|Any CPU.Build.0 = Release|Any CPU
		{BCAE76DE-23BF-47DB-8EE1-14D95FA81BDD}.Release|x64.ActiveCfg = Release|x64
		{BCAE76DE-23BF-47DB-8EE1-14D95FA81BDD}.Release|x64.Build.0 = Release|x64
		{BCAE76DE-23BF-47DB-8EE1-14D95FA81BDD}.Release|x86.ActiveCfg = Release|Any CPU
		{BCAE76DE-23BF-47DB-8EE1-14D95FA81BDD}.Release|x86.Build.0 = Release|Any CPU
	EndGlobalSection
	GlobalSection(SolutionProperties) = preSolution
		HideSolutionNode = FALSE
	EndGlobalSection
	GlobalSection(ExtensibilityGlobals) = postSolution
		SolutionGuid = {5A4DFFC3-89A3-4C5F-A3B0-AB6B0ADA7C05}
	EndGlobalSection
EndGlobal
